
Microsoft Visual Studio Solution File, Format Version 12.00
# Visual Studio Version 16
VisualStudioVersion = 16.0.31605.320
MinimumVisualStudioVersion = 10.0.40219.1
Project("{FAE04EC0-301F-11D3-BF4B-00C04F79EFBC}") = "BookStoreAPI", "BookStoreAPI.csproj", "{B7EF3F91-8892-49FC-8EB1-0EC04B85424A}"
EndProject
Project("{FAE04EC0-301F-11D3-BF4B-00C04F79EFBC}") = "BookStore.Data", "..\BookStore.Data\BookStore.Data.csproj", "{3BD9007E-ECD6-4E05-BCEE-554F74BCB22B}"
EndProject
Global
	GlobalSection(SolutionConfigurationPlatforms) = preSolution
		Debug|Any CPU = Debug|Any CPU
		Release|Any CPU = Release|Any CPU
	EndGlobalSection
	GlobalSection(ProjectConfigurationPlatforms) = postSolution
		{B7EF3F91-8892-49FC-8EB1-0EC04B85424A}.Debug|Any CPU.ActiveCfg = Debug|Any CPU
		{B7EF3F91-8892-49FC-8EB1-0EC04B85424A}.Debug|Any CPU.Build.0 = Debug|Any CPU
		{B7EF3F91-8892-49FC-8EB1-0EC04B85424A}.Release|Any CPU.ActiveCfg = Release|Any CPU
		{B7EF3F91-8892-49FC-8EB1-0EC04B85424A}.Release|Any CPU.Build.0 = Release|Any CPU
		{3BD9007E-ECD6-4E05-BCEE-554F74BCB22B}.Debug|Any CPU.ActiveCfg = Debug|Any CPU
		{3BD9007E-ECD6-4E05-BCEE-554F74BCB22B}.Debug|Any CPU.Build.0 = Debug|Any CPU
		{3BD9007E-ECD6-4E05-BCEE-554F74BCB22B}.Release|Any CPU.ActiveCfg = Release|Any CPU
		{3BD9007E-ECD6-4E05-BCEE-554F74BCB22B}.Release|Any CPU.Build.0 = Release|Any CPU
	EndGlobalSection
	GlobalSection(SolutionProperties) = preSolution
		HideSolutionNode = FALSE
	EndGlobalSection
	GlobalSection(ExtensibilityGlobals) = postSolution
		SolutionGuid = {2B530451-C8F0-4A50-98BF-1A89AC8668D2}
	EndGlobalSection
EndGlobal
